
Microsoft Visual Studio Solution File, Format Version 12.00
# Visual Studio Version 16
VisualStudioVersion = 16.0.28729.10
MinimumVisualStudioVersion = 10.0.40219.1
Project("{FAE04EC0-301F-11D3-BF4B-00C04F79EFBC}") = "NewTicTacToe", "NewTicTacToe.csproj", "{6C67EA4C-D6CD-449B-8254-2E1886681642}"
EndProject
Global
	GlobalSection(SolutionConfigurationPlatforms) = preSolution
		Debug|Any CPU = Debug|Any CPU
		Release|Any CPU = Release|Any CPU
	EndGlobalSection
	GlobalSection(ProjectConfigurationPlatforms) = postSolution
		{6C67EA4C-D6CD-449B-8254-2E1886681642}.Debug|Any CPU.ActiveCfg = Debug|Any CPU
		{6C67EA4C-D6CD-449B-8254-2E1886681642}.Debug|Any CPU.Build.0 = Debug|Any CPU
		{6C67EA4C-D6CD-449B-8254-2E1886681642}.Release|Any CPU.ActiveCfg = Release|Any CPU
		{6C67EA4C-D6CD-449B-8254-2E1886681642}.Release|Any CPU.Build.0 = Release|Any CPU
	EndGlobalSection
	GlobalSection(SolutionProperties) = preSolution
		HideSolutionNode = FALSE
	EndGlobalSection
	GlobalSection(ExtensibilityGlobals) = postSolution
		SolutionGuid = {55879476-1B60-4F00-9E3E-BB61448A3612}
	EndGlobalSection
EndGlobal
